
Microsoft Visual Studio Solution File, Format Version 12.00
# Visual Studio Version 16
VisualStudioVersion = 16.0.29215.179
MinimumVisualStudioVersion = 10.0.40219.1
Project("{FAE04EC0-301F-11D3-BF4B-00C04F79EFBC}") = "BigBadBolts_Assign5", "BigBadBolts_Assign5\BigBadBolts_Assign5.csproj", "{1D1EDC98-5E6F-48DC-ACB5-D3D06CF90016}"
EndProject
Global
	GlobalSection(SolutionConfigurationPlatforms) = preSolution
		Debug|Any CPU = Debug|Any CPU
		Release|Any CPU = Release|Any CPU
	EndGlobalSection
	GlobalSection(ProjectConfigurationPlatforms) = postSolution
		{1D1EDC98-5E6F-48DC-ACB5-D3D06CF90016}.Debug|Any CPU.ActiveCfg = Debug|Any CPU
		{1D1EDC98-5E6F-48DC-ACB5-D3D06CF90016}.Debug|Any CPU.Build.0 = Debug|Any CPU
		{1D1EDC98-5E6F-48DC-ACB5-D3D06CF90016}.Release|Any CPU.ActiveCfg = Release|Any CPU
		{1D1EDC98-5E6F-48DC-ACB5-D3D06CF90016}.Release|Any CPU.Build.0 = Release|Any CPU
	EndGlobalSection
	GlobalSection(SolutionProperties) = preSolution
		HideSolutionNode = FALSE
	EndGlobalSection
	GlobalSection(ExtensibilityGlobals) = postSolution
		SolutionGuid = {9DB6924B-030C-475D-8ABD-C910593B3B9E}
	EndGlobalSection
EndGlobal
